
Microsoft Visual Studio Solution File, Format Version 12.00
# Visual Studio Version 16
VisualStudioVersion = 16.0.29102.190
MinimumVisualStudioVersion = 10.0.40219.1
Project("{FAE04EC0-301F-11D3-BF4B-00C04F79EFBC}") = "Solutions Service Auto", "PontoMap\Solutions Service Auto.csproj", "{92769A2D-6945-45A7-A4C1-F76337FB275E}"
EndProject
Global
	GlobalSection(SolutionConfigurationPlatforms) = preSolution
		Debug|Any CPU = Debug|Any CPU
		Release|Any CPU = Release|Any CPU
	EndGlobalSection
	GlobalSection(ProjectConfigurationPlatforms) = postSolution
		{92769A2D-6945-45A7-A4C1-F76337FB275E}.Debug|Any CPU.ActiveCfg = Debug|Any CPU
		{92769A2D-6945-45A7-A4C1-F76337FB275E}.Debug|Any CPU.Build.0 = Debug|Any CPU
		{92769A2D-6945-45A7-A4C1-F76337FB275E}.Release|Any CPU.ActiveCfg = Release|Any CPU
		{92769A2D-6945-45A7-A4C1-F76337FB275E}.Release|Any CPU.Build.0 = Release|Any CPU
	EndGlobalSection
	GlobalSection(SolutionProperties) = preSolution
		HideSolutionNode = FALSE
	EndGlobalSection
	GlobalSection(ExtensibilityGlobals) = postSolution
		SolutionGuid = {49F13404-CB05-4BF3-908A-EFDB2F35D7FA}
	EndGlobalSection
EndGlobal
